
Microsoft Visual Studio Solution File, Format Version 12.00
# Visual Studio Version 16
VisualStudioVersion = 16.0.30907.101
MinimumVisualStudioVersion = 10.0.40219.1
Project("{FAE04EC0-301F-11D3-BF4B-00C04F79EFBC}") = "Hospital registration write and read xml file", "Hospital registration\Hospital registration write and read xml file.csproj", "{A23BD11E-D11F-4A9B-8B80-E54B2D597D9C}"
EndProject
Global
	GlobalSection(SolutionConfigurationPlatforms) = preSolution
		Debug|Any CPU = Debug|Any CPU
		Release|Any CPU = Release|Any CPU
	EndGlobalSection
	GlobalSection(ProjectConfigurationPlatforms) = postSolution
		{A23BD11E-D11F-4A9B-8B80-E54B2D597D9C}.Debug|Any CPU.ActiveCfg = Debug|Any CPU
		{A23BD11E-D11F-4A9B-8B80-E54B2D597D9C}.Debug|Any CPU.Build.0 = Debug|Any CPU
		{A23BD11E-D11F-4A9B-8B80-E54B2D597D9C}.Release|Any CPU.ActiveCfg = Release|Any CPU
		{A23BD11E-D11F-4A9B-8B80-E54B2D597D9C}.Release|Any CPU.Build.0 = Release|Any CPU
	EndGlobalSection
	GlobalSection(SolutionProperties) = preSolution
		HideSolutionNode = FALSE
	EndGlobalSection
	GlobalSection(ExtensibilityGlobals) = postSolution
		SolutionGuid = {88F7702A-B750-43C6-8F36-AD1BC2055F75}
	EndGlobalSection
EndGlobal
